
Microsoft Visual Studio Solution File, Format Version 12.00
# Visual Studio Version 17
VisualStudioVersion = 17.13.35931.197 d17.13
MinimumVisualStudioVersion = 10.0.40219.1
Project("{8BC9CEB8-8B4A-11D0-8D11-00A0C91BC942}") = "GJ1", "GJ1.vcxproj", "{8450EEBD-19A8-447D-A00D-C69D8EBE7822}"
EndProject
Global
	GlobalSection(SolutionConfigurationPlatforms) = preSolution
		Debug|x64 = Debug|x64
		Release|x64 = Release|x64
	EndGlobalSection
	GlobalSection(ProjectConfigurationPlatforms) = postSolution
		{8450EEBD-19A8-447D-A00D-C69D8EBE7822}.Debug|x64.ActiveCfg = Debug|x64
		{8450EEBD-19A8-447D-A00D-C69D8EBE7822}.Debug|x64.Build.0 = Debug|x64
		{8450EEBD-19A8-447D-A00D-C69D8EBE7822}.Release|x64.ActiveCfg = Release|x64
		{8450EEBD-19A8-447D-A00D-C69D8EBE7822}.Release|x64.Build.0 = Release|x64
	EndGlobalSection
	GlobalSection(SolutionProperties) = preSolution
		HideSolutionNode = FALSE
	EndGlobalSection
	GlobalSection(ExtensibilityGlobals) = postSolution
		SolutionGuid = {BBC07544-E4EE-435B-BBC3-4DE95FCE18C1}
	EndGlobalSection
EndGlobal
